// !$*UTF8*$!
{
	archiveVersion = 1;
	classes = {
	};
	objectVersion = 50;
	objects = {

/* Begin PBXBuildFile section */
		4900891424731CF100A905E0 /* SettingsViewController.swift in Sources */ = {isa = PBXBuildFile; fileRef = 4900891324731CF100A905E0 /* SettingsViewController.swift */; };
		490EF52B24743F5100724BFF /* RecentActivityViewController.swift in Sources */ = {isa = PBXBuildFile; fileRef = 490EF52A24743F5100724BFF /* RecentActivityViewController.swift */; };
		490EF52D24743F9500724BFF /* RecentActivityTableViewCell.swift in Sources */ = {isa = PBXBuildFile; fileRef = 490EF52C24743F9500724BFF /* RecentActivityTableViewCell.swift */; };
		490EF52F2474615F00724BFF /* EditExerciseViewController.swift in Sources */ = {isa = PBXBuildFile; fileRef = 490EF52E2474615F00724BFF /* EditExerciseViewController.swift */; };
		492263D224607543001093D7 /* RecordsViewController.swift in Sources */ = {isa = PBXBuildFile; fileRef = 492263D124607543001093D7 /* RecordsViewController.swift */; };
		492263D424607AC4001093D7 /* RecordTableViewCell.swift in Sources */ = {isa = PBXBuildFile; fileRef = 492263D324607AC4001093D7 /* RecordTableViewCell.swift */; };
		4928F9D1244779F400633D82 /* DatabaseManager.swift in Sources */ = {isa = PBXBuildFile; fileRef = 4928F9D0244779F400633D82 /* DatabaseManager.swift */; };
		4938D8A1244B74BC00DCA81B /* Database.sqlite in Resources */ = {isa = PBXBuildFile; fileRef = 4938D8A0244B746000DCA81B /* Database.sqlite */; };
		4938D8A3244B8E6B00DCA81B /* RecordActivityViewController.swift in Sources */ = {isa = PBXBuildFile; fileRef = 4938D8A2244B8E6B00DCA81B /* RecordActivityViewController.swift */; };
		493D8A47247EEF79009E8864 /* PurposeViewController.swift in Sources */ = {isa = PBXBuildFile; fileRef = 493D8A46247EEF79009E8864 /* PurposeViewController.swift */; };
		494D6AC62463304E000301AF /* BreakdownORMTableViewCell.swift in Sources */ = {isa = PBXBuildFile; fileRef = 494D6AC52463304E000301AF /* BreakdownORMTableViewCell.swift */; };
		494D6AC824633D50000301AF /* BreakdownGoalTableViewCell.swift in Sources */ = {isa = PBXBuildFile; fileRef = 494D6AC724633D50000301AF /* BreakdownGoalTableViewCell.swift */; };
		494D6ACA24633D66000301AF /* BreakdownStrengthLevelTableViewCell.swift in Sources */ = {isa = PBXBuildFile; fileRef = 494D6AC924633D66000301AF /* BreakdownStrengthLevelTableViewCell.swift */; };
		495290A924566A99005BE0D4 /* ExerciseBreakdownViewController.swift in Sources */ = {isa = PBXBuildFile; fileRef = 495290A824566A99005BE0D4 /* ExerciseBreakdownViewController.swift */; };
		496FDA362448BE2800E715E6 /* ORMViewController.swift in Sources */ = {isa = PBXBuildFile; fileRef = 496FDA352448BE2800E715E6 /* ORMViewController.swift */; };
		4972BF522443DAA1009261B6 /* AppDelegate.swift in Sources */ = {isa = PBXBuildFile; fileRef = 4972BF512443DAA1009261B6 /* AppDelegate.swift */; };
		4972BF542443DAA1009261B6 /* SceneDelegate.swift in Sources */ = {isa = PBXBuildFile; fileRef = 4972BF532443DAA1009261B6 /* SceneDelegate.swift */; };
		4972BF562443DAA1009261B6 /* ViewController.swift in Sources */ = {isa = PBXBuildFile; fileRef = 4972BF552443DAA1009261B6 /* ViewController.swift */; };
		4972BF592443DAA1009261B6 /* Main.storyboard in Resources */ = {isa = PBXBuildFile; fileRef = 4972BF572443DAA1009261B6 /* Main.storyboard */; };
		4972BF5B2443DAA3009261B6 /* Assets.xcassets in Resources */ = {isa = PBXBuildFile; fileRef = 4972BF5A2443DAA3009261B6 /* Assets.xcassets */; };
		4972BF5E2443DAA3009261B6 /* LaunchScreen.storyboard in Resources */ = {isa = PBXBuildFile; fileRef = 4972BF5C2443DAA3009261B6 /* LaunchScreen.storyboard */; };
		4972BF682443DBF3009261B6 /* SetupProfileViewController.swift in Sources */ = {isa = PBXBuildFile; fileRef = 4972BF672443DBF3009261B6 /* SetupProfileViewController.swift */; };
		4972BF6A2443DD16009261B6 /* HomePageViewController.swift in Sources */ = {isa = PBXBuildFile; fileRef = 4972BF692443DD16009261B6 /* HomePageViewController.swift */; };
		4972BF6C24442210009261B6 /* SetupProfileInputViewController.swift in Sources */ = {isa = PBXBuildFile; fileRef = 4972BF6B24442210009261B6 /* SetupProfileInputViewController.swift */; };
		4989E4462453611F00CBE4E6 /* AddExerciseCollectionViewCell.swift in Sources */ = {isa = PBXBuildFile; fileRef = 4989E4452453611F00CBE4E6 /* AddExerciseCollectionViewCell.swift */; };
		4989E4482453674100CBE4E6 /* AddExerciseViewController.swift in Sources */ = {isa = PBXBuildFile; fileRef = 4989E4472453674100CBE4E6 /* AddExerciseViewController.swift */; };
		49BA2610244A4030004B16B3 /* SetupProfileSelectExerciseViewController.swift in Sources */ = {isa = PBXBuildFile; fileRef = 49BA260F244A4030004B16B3 /* SetupProfileSelectExerciseViewController.swift */; };
		49BA2612244A444D004B16B3 /* ExerciseCollectionViewCell.swift in Sources */ = {isa = PBXBuildFile; fileRef = 49BA2611244A444D004B16B3 /* ExerciseCollectionViewCell.swift */; };
		49BA71EE2449197000411EA1 /* GenericPickerViewController.swift in Sources */ = {isa = PBXBuildFile; fileRef = 49BA71ED2449197000411EA1 /* GenericPickerViewController.swift */; };
		CCD559BC61449CE1AE3E38CD /* libPods-Strength Progress Tracker.a in Frameworks */ = {isa = PBXBuildFile; fileRef = 49938E13425D372AE086EA25 /* libPods-Strength Progress Tracker.a */; };
/* End PBXBuildFile section */

/* Begin PBXFileReference section */
		00F1BCA91B11FF03AF458390 /* Pods-Strength Progress Tracker.debug.xcconfig */ = {isa = PBXFileReference; includeInIndex = 1; lastKnownFileType = text.xcconfig; name = "Pods-Strength Progress Tracker.debug.xcconfig"; path = "Target Support Files/Pods-Strength Progress Tracker/Pods-Strength Progress Tracker.debug.xcconfig"; sourceTree = "<group>"; };
		4900891324731CF100A905E0 /* SettingsViewController.swift */ = {isa = PBXFileReference; lastKnownFileType = sourcecode.swift; path = SettingsViewController.swift; sourceTree = "<group>"; };
		490EF52A24743F5100724BFF /* RecentActivityViewController.swift */ = {isa = PBXFileReference; lastKnownFileType = sourcecode.swift; path = RecentActivityViewController.swift; sourceTree = "<group>"; };
		490EF52C24743F9500724BFF /* RecentActivityTableViewCell.swift */ = {isa = PBXFileReference; lastKnownFileType = sourcecode.swift; path = RecentActivityTableViewCell.swift; sourceTree = "<group>"; };
		490EF52E2474615F00724BFF /* EditExerciseViewController.swift */ = {isa = PBXFileReference; lastKnownFileType = sourcecode.swift; path = EditExerciseViewController.swift; sourceTree = "<group>"; };
		49127AAA2475C0C6004C24A2 /* Strength Progress Tracker.entitlements */ = {isa = PBXFileReference; lastKnownFileType = text.plist.entitlements; path = "Strength Progress Tracker.entitlements"; sourceTree = "<group>"; };
		492263D124607543001093D7 /* RecordsViewController.swift */ = {isa = PBXFileReference; lastKnownFileType = sourcecode.swift; path = RecordsViewController.swift; sourceTree = "<group>"; };
		492263D324607AC4001093D7 /* RecordTableViewCell.swift */ = {isa = PBXFileReference; lastKnownFileType = sourcecode.swift; path = RecordTableViewCell.swift; sourceTree = "<group>"; };
		4928F9D0244779F400633D82 /* DatabaseManager.swift */ = {isa = PBXFileReference; lastKnownFileType = sourcecode.swift; path = DatabaseManager.swift; sourceTree = "<group>"; };
		4938D8A0244B746000DCA81B /* Database.sqlite */ = {isa = PBXFileReference; lastKnownFileType = file; path = Database.sqlite; sourceTree = "<group>"; };
		4938D8A2244B8E6B00DCA81B /* RecordActivityViewController.swift */ = {isa = PBXFileReference; lastKnownFileType = sourcecode.swift; path = RecordActivityViewController.swift; sourceTree = "<group>"; };
		493D8A46247EEF79009E8864 /* PurposeViewController.swift */ = {isa = PBXFileReference; lastKnownFileType = sourcecode.swift; path = PurposeViewController.swift; sourceTree = "<group>"; };
		494D6AC52463304E000301AF /* BreakdownORMTableViewCell.swift */ = {isa = PBXFileReference; lastKnownFileType = sourcecode.swift; path = BreakdownORMTableViewCell.swift; sourceTree = "<group>"; };
		494D6AC724633D50000301AF /* BreakdownGoalTableViewCell.swift */ = {isa = PBXFileReference; lastKnownFileType = sourcecode.swift; path = BreakdownGoalTableViewCell.swift; sourceTree = "<group>"; };
		494D6AC924633D66000301AF /* BreakdownStrengthLevelTableViewCell.swift */ = {isa = PBXFileReference; lastKnownFileType = sourcecode.swift; path = BreakdownStrengthLevelTableViewCell.swift; sourceTree = "<group>"; };
		495290A824566A99005BE0D4 /* ExerciseBreakdownViewController.swift */ = {isa = PBXFileReference; lastKnownFileType = sourcecode.swift; path = ExerciseBreakdownViewController.swift; sourceTree = "<group>"; };
		496FDA352448BE2800E715E6 /* ORMViewController.swift */ = {isa = PBXFileReference; lastKnownFileType = sourcecode.swift; path = ORMViewController.swift; sourceTree = "<group>"; };
		4972BF4E2443DAA1009261B6 /* ORM: Strength Progress Tracker.app */ = {isa = PBXFileReference; explicitFileType = wrapper.application; includeInIndex = 0; path = "ORM: Strength Progress Tracker.app"; sourceTree = BUILT_PRODUCTS_DIR; };
		4972BF512443DAA1009261B6 /* AppDelegate.swift */ = {isa = PBXFileReference; lastKnownFileType = sourcecode.swift; path = AppDelegate.swift; sourceTree = "<group>"; };
		4972BF532443DAA1009261B6 /* SceneDelegate.swift */ = {isa = PBXFileReference; lastKnownFileType = sourcecode.swift; path = SceneDelegate.swift; sourceTree = "<group>"; };
		4972BF552443DAA1009261B6 /* ViewController.swift */ = {isa = PBXFileReference; lastKnownFileType = sourcecode.swift; path = ViewController.swift; sourceTree = "<group>"; };
		4972BF582443DAA1009261B6 /* Base */ = {isa = PBXFileReference; lastKnownFileType = file.storyboard; name = Base; path = Base.lproj/Main.storyboard; sourceTree = "<group>"; };
		4972BF5A2443DAA3009261B6 /* Assets.xcassets */ = {isa = PBXFileReference; lastKnownFileType = folder.assetcatalog; path = Assets.xcassets; sourceTree = "<group>"; };
		4972BF5D2443DAA3009261B6 /* Base */ = {isa = PBXFileReference; lastKnownFileType = file.storyboard; name = Base; path = Base.lproj/LaunchScreen.storyboard; sourceTree = "<group>"; };
		4972BF5F2443DAA3009261B6 /* Info.plist */ = {isa = PBXFileReference; lastKnownFileType = text.plist.xml; path = Info.plist; sourceTree = "<group>"; };
		4972BF672443DBF3009261B6 /* SetupProfileViewController.swift */ = {isa = PBXFileReference; lastKnownFileType = sourcecode.swift; path = SetupProfileViewController.swift; sourceTree = "<group>"; };
		4972BF692443DD16009261B6 /* HomePageViewController.swift */ = {isa = PBXFileReference; lastKnownFileType = sourcecode.swift; path = HomePageViewController.swift; sourceTree = "<group>"; };
		4972BF6B24442210009261B6 /* SetupProfileInputViewController.swift */ = {isa = PBXFileReference; lastKnownFileType = sourcecode.swift; path = SetupProfileInputViewController.swift; sourceTree = "<group>"; };
		4989E4452453611F00CBE4E6 /* AddExerciseCollectionViewCell.swift */ = {isa = PBXFileReference; lastKnownFileType = sourcecode.swift; path = AddExerciseCollectionViewCell.swift; sourceTree = "<group>"; };
		4989E4472453674100CBE4E6 /* AddExerciseViewController.swift */ = {isa = PBXFileReference; lastKnownFileType = sourcecode.swift; path = AddExerciseViewController.swift; sourceTree = "<group>"; };
		49938E13425D372AE086EA25 /* libPods-Strength Progress Tracker.a */ = {isa = PBXFileReference; explicitFileType = archive.ar; includeInIndex = 0; path = "libPods-Strength Progress Tracker.a"; sourceTree = BUILT_PRODUCTS_DIR; };
		49BA260F244A4030004B16B3 /* SetupProfileSelectExerciseViewController.swift */ = {isa = PBXFileReference; lastKnownFileType = sourcecode.swift; path = SetupProfileSelectExerciseViewController.swift; sourceTree = "<group>"; };
		49BA2611244A444D004B16B3 /* ExerciseCollectionViewCell.swift */ = {isa = PBXFileReference; lastKnownFileType = sourcecode.swift; path = ExerciseCollectionViewCell.swift; sourceTree = "<group>"; };
		49BA71ED2449197000411EA1 /* GenericPickerViewController.swift */ = {isa = PBXFileReference; lastKnownFileType = sourcecode.swift; path = GenericPickerViewController.swift; sourceTree = "<group>"; };
		A6ED0AC8191BB9815891556A /* Pods-Strength Progress Tracker.release.xcconfig */ = {isa = PBXFileReference; includeInIndex = 1; lastKnownFileType = text.xcconfig; name = "Pods-Strength Progress Tracker.release.xcconfig"; path = "Target Support Files/Pods-Strength Progress Tracker/Pods-Strength Progress Tracker.release.xcconfig"; sourceTree = "<group>"; };
/* End PBXFileReference section */

/* Begin PBXFrameworksBuildPhase section */
		4972BF4B2443DAA1009261B6 /* Frameworks */ = {
			isa = PBXFrameworksBuildPhase;
			buildActionMask = 2147483647;
			files = (
				CCD559BC61449CE1AE3E38CD /* libPods-Strength Progress Tracker.a in Frameworks */,
			);
			runOnlyForDeploymentPostprocessing = 0;
		};
/* End PBXFrameworksBuildPhase section */

/* Begin PBXGroup section */
		4972BF452443DAA1009261B6 = {
			isa = PBXGroup;
			children = (
				4972BF502443DAA1009261B6 /* Strength Progress Tracker */,
				4972BF4F2443DAA1009261B6 /* Products */,
				4BBBC864DF7C8E5488278CF5 /* Pods */,
				498399FE417E42B4AC8F3D6B /* Frameworks */,
			);
			sourceTree = "<group>";
		};
		4972BF4F2443DAA1009261B6 /* Products */ = {
			isa = PBXGroup;
			children = (
				4972BF4E2443DAA1009261B6 /* ORM: Strength Progress Tracker.app */,
			);
			name = Products;
			sourceTree = "<group>";
		};
		4972BF502443DAA1009261B6 /* Strength Progress Tracker */ = {
			isa = PBXGroup;
			children = (
				49127AAA2475C0C6004C24A2 /* Strength Progress Tracker.entitlements */,
				4972BF512443DAA1009261B6 /* AppDelegate.swift */,
				4972BF532443DAA1009261B6 /* SceneDelegate.swift */,
				4972BF552443DAA1009261B6 /* ViewController.swift */,
				4972BF572443DAA1009261B6 /* Main.storyboard */,
				4972BF5A2443DAA3009261B6 /* Assets.xcassets */,
				4972BF5C2443DAA3009261B6 /* LaunchScreen.storyboard */,
				4972BF5F2443DAA3009261B6 /* Info.plist */,
				4972BF672443DBF3009261B6 /* SetupProfileViewController.swift */,
				493D8A46247EEF79009E8864 /* PurposeViewController.swift */,
				4972BF6B24442210009261B6 /* SetupProfileInputViewController.swift */,
				49BA260F244A4030004B16B3 /* SetupProfileSelectExerciseViewController.swift */,
				49BA2611244A444D004B16B3 /* ExerciseCollectionViewCell.swift */,
				4989E4452453611F00CBE4E6 /* AddExerciseCollectionViewCell.swift */,
				4989E4472453674100CBE4E6 /* AddExerciseViewController.swift */,
				4972BF692443DD16009261B6 /* HomePageViewController.swift */,
				4900891324731CF100A905E0 /* SettingsViewController.swift */,
				495290A824566A99005BE0D4 /* ExerciseBreakdownViewController.swift */,
				494D6AC52463304E000301AF /* BreakdownORMTableViewCell.swift */,
				494D6AC724633D50000301AF /* BreakdownGoalTableViewCell.swift */,
				494D6AC924633D66000301AF /* BreakdownStrengthLevelTableViewCell.swift */,
				490EF52E2474615F00724BFF /* EditExerciseViewController.swift */,
				490EF52A24743F5100724BFF /* RecentActivityViewController.swift */,
				490EF52C24743F9500724BFF /* RecentActivityTableViewCell.swift */,
				4938D8A2244B8E6B00DCA81B /* RecordActivityViewController.swift */,
				492263D124607543001093D7 /* RecordsViewController.swift */,
				492263D324607AC4001093D7 /* RecordTableViewCell.swift */,
				496FDA352448BE2800E715E6 /* ORMViewController.swift */,
				49BA71ED2449197000411EA1 /* GenericPickerViewController.swift */,
				4928F9D0244779F400633D82 /* DatabaseManager.swift */,
				4938D8A0244B746000DCA81B /* Database.sqlite */,
			);
			path = "Strength Progress Tracker";
			sourceTree = "<group>";
		};
		498399FE417E42B4AC8F3D6B /* Frameworks */ = {
			isa = PBXGroup;
			children = (
				49938E13425D372AE086EA25 /* libPods-Strength Progress Tracker.a */,
			);
			name = Frameworks;
			sourceTree = "<group>";
		};
		4BBBC864DF7C8E5488278CF5 /* Pods */ = {
			isa = PBXGroup;
			children = (
				00F1BCA91B11FF03AF458390 /* Pods-Strength Progress Tracker.debug.xcconfig */,
				A6ED0AC8191BB9815891556A /* Pods-Strength Progress Tracker.release.xcconfig */,
			);
			path = Pods;
			sourceTree = "<group>";
		};
/* End PBXGroup section */

/* Begin PBXNativeTarget section */
		4972BF4D2443DAA1009261B6 /* Strength Progress Tracker */ = {
			isa = PBXNativeTarget;
			buildConfigurationList = 4972BF622443DAA3009261B6 /* Build configuration list for PBXNativeTarget "Strength Progress Tracker" */;
			buildPhases = (
				1647DEEE3DEEDA4C237EF3E8 /* [CP] Check Pods Manifest.lock */,
				4972BF4A2443DAA1009261B6 /* Sources */,
				4972BF4B2443DAA1009261B6 /* Frameworks */,
				4972BF4C2443DAA1009261B6 /* Resources */,
			);
			buildRules = (
			);
			dependencies = (
			);
			name = "Strength Progress Tracker";
			productName = "Strength Progress Tracker";
			productReference = 4972BF4E2443DAA1009261B6 /* ORM: Strength Progress Tracker.app */;
			productType = "com.apple.product-type.application";
		};
/* End PBXNativeTarget section */

/* Begin PBXProject section */
		4972BF462443DAA1009261B6 /* Project object */ = {
			isa = PBXProject;
			attributes = {
				LastSwiftUpdateCheck = 1140;
				LastUpgradeCheck = 1140;
				ORGANIZATIONNAME = "Michael Keohne";
				TargetAttributes = {
					4972BF4D2443DAA1009261B6 = {
						CreatedOnToolsVersion = 11.4;
						LastSwiftMigration = 1140;
					};
				};
			};
			buildConfigurationList = 4972BF492443DAA1009261B6 /* Build configuration list for PBXProject "Strength Progress Tracker" */;
			compatibilityVersion = "Xcode 9.3";
			developmentRegion = en;
			hasScannedForEncodings = 0;
			knownRegions = (
				en,
				Base,
			);
			mainGroup = 4972BF452443DAA1009261B6;
			productRefGroup = 4972BF4F2443DAA1009261B6 /* Products */;
			projectDirPath = "";
			projectRoot = "";
			targets = (
				4972BF4D2443DAA1009261B6 /* Strength Progress Tracker */,
			);
		};
/* End PBXProject section */

/* Begin PBXResourcesBuildPhase section */
		4972BF4C2443DAA1009261B6 /* Resources */ = {
			isa = PBXResourcesBuildPhase;
			buildActionMask = 2147483647;
			files = (
				4938D8A1244B74BC00DCA81B /* Database.sqlite in Resources */,
				4972BF5E2443DAA3009261B6 /* LaunchScreen.storyboard in Resources */,
				4972BF5B2443DAA3009261B6 /* Assets.xcassets in Resources */,
				4972BF592443DAA1009261B6 /* Main.storyboard in Resources */,
			);
			runOnlyForDeploymentPostprocessing = 0;
		};
/* End PBXResourcesBuildPhase section */

/* Begin PBXShellScriptBuildPhase section */
		1647DEEE3DEEDA4C237EF3E8 /* [CP] Check Pods Manifest.lock */ = {
			isa = PBXShellScriptBuildPhase;
			buildActionMask = 2147483647;
			files = (
			);
			inputFileListPaths = (
			);
			inputPaths = (
				"${PODS_PODFILE_DIR_PATH}/Podfile.lock",
				"${PODS_ROOT}/Manifest.lock",
			);
			name = "[CP] Check Pods Manifest.lock";
			outputFileListPaths = (
			);
			outputPaths = (
				"$(DERIVED_FILE_DIR)/Pods-Strength Progress Tracker-checkManifestLockResult.txt",
			);
			runOnlyForDeploymentPostprocessing = 0;
			shellPath = /bin/sh;
			shellScript = "diff \"${PODS_PODFILE_DIR_PATH}/Podfile.lock\" \"${PODS_ROOT}/Manifest.lock\" > /dev/null\nif [ $? != 0 ] ; then\n    # print error to STDERR\n    echo \"error: The sandbox is not in sync with the Podfile.lock. Run 'pod install' or update your CocoaPods installation.\" >&2\n    exit 1\nfi\n# This output is used by Xcode 'outputs' to avoid re-running this script phase.\necho \"SUCCESS\" > \"${SCRIPT_OUTPUT_FILE_0}\"\n";
			showEnvVarsInLog = 0;
		};
/* End PBXShellScriptBuildPhase section */

/* Begin PBXSourcesBuildPhase section */
		4972BF4A2443DAA1009261B6 /* Sources */ = {
			isa = PBXSourcesBuildPhase;
			buildActionMask = 2147483647;
			files = (
				4972BF682443DBF3009261B6 /* SetupProfileViewController.swift in Sources */,
				4972BF562443DAA1009261B6 /* ViewController.swift in Sources */,
				49BA71EE2449197000411EA1 /* GenericPickerViewController.swift in Sources */,
				490EF52F2474615F00724BFF /* EditExerciseViewController.swift in Sources */,
				4972BF522443DAA1009261B6 /* AppDelegate.swift in Sources */,
				493D8A47247EEF79009E8864 /* PurposeViewController.swift in Sources */,
				4972BF6C24442210009261B6 /* SetupProfileInputViewController.swift in Sources */,
				492263D424607AC4001093D7 /* RecordTableViewCell.swift in Sources */,
				4972BF6A2443DD16009261B6 /* HomePageViewController.swift in Sources */,
				49BA2612244A444D004B16B3 /* ExerciseCollectionViewCell.swift in Sources */,
				494D6AC62463304E000301AF /* BreakdownORMTableViewCell.swift in Sources */,
				4972BF542443DAA1009261B6 /* SceneDelegate.swift in Sources */,
				4938D8A3244B8E6B00DCA81B /* RecordActivityViewController.swift in Sources */,
				492263D224607543001093D7 /* RecordsViewController.swift in Sources */,
				490EF52B24743F5100724BFF /* RecentActivityViewController.swift in Sources */,
				4900891424731CF100A905E0 /* SettingsViewController.swift in Sources */,
				4928F9D1244779F400633D82 /* DatabaseManager.swift in Sources */,
				4989E4482453674100CBE4E6 /* AddExerciseViewController.swift in Sources */,
				4989E4462453611F00CBE4E6 /* AddExerciseCollectionViewCell.swift in Sources */,
				494D6ACA24633D66000301AF /* BreakdownStrengthLevelTableViewCell.swift in Sources */,
				494D6AC824633D50000301AF /* BreakdownGoalTableViewCell.swift in Sources */,
				495290A924566A99005BE0D4 /* ExerciseBreakdownViewController.swift in Sources */,
				49BA2610244A4030004B16B3 /* SetupProfileSelectExerciseViewController.swift in Sources */,
				496FDA362448BE2800E715E6 /* ORMViewController.swift in Sources */,
				490EF52D24743F9500724BFF /* RecentActivityTableViewCell.swift in Sources */,
			);
			runOnlyForDeploymentPostprocessing = 0;
		};
/* End PBXSourcesBuildPhase section */

/* Begin PBXVariantGroup section */
		4972BF572443DAA1009261B6 /* Main.storyboard */ = {
			isa = PBXVariantGroup;
			children = (
				4972BF582443DAA1009261B6 /* Base */,
			);
			name = Main.storyboard;
			sourceTree = "<group>";
		};
		4972BF5C2443DAA3009261B6 /* LaunchScreen.storyboard */ = {
			isa = PBXVariantGroup;
			children = (
				4972BF5D2443DAA3009261B6 /* Base */,
			);
			name = LaunchScreen.storyboard;
			sourceTree = "<group>";
		};
/* End PBXVariantGroup section */

/* Begin XCBuildConfiguration section */
		4972BF602443DAA3009261B6 /* Debug */ = {
			isa = XCBuildConfiguration;
			buildSettings = {
				ALWAYS_SEARCH_USER_PATHS = NO;
				CLANG_ANALYZER_NONNULL = YES;
				CLANG_ANALYZER_NUMBER_OBJECT_CONVERSION = YES_AGGRESSIVE;
				CLANG_CXX_LANGUAGE_STANDARD = "gnu++14";
				CLANG_CXX_LIBRARY = "libc++";
				CLANG_ENABLE_MODULES = YES;
				CLANG_ENABLE_OBJC_ARC = YES;
				CLANG_ENABLE_OBJC_WEAK = YES;
				CLANG_WARN_BLOCK_CAPTURE_AUTORELEASING = YES;
				CLANG_WARN_BOOL_CONVERSION = YES;
				CLANG_WARN_COMMA = YES;
				CLANG_WARN_CONSTANT_CONVERSION = YES;
				CLANG_WARN_DEPRECATED_OBJC_IMPLEMENTATIONS = YES;
				CLANG_WARN_DIRECT_OBJC_ISA_USAGE = YES_ERROR;
				CLANG_WARN_DOCUMENTATION_COMMENTS = YES;
				CLANG_WARN_EMPTY_BODY = YES;
				CLANG_WARN_ENUM_CONVERSION = YES;
				CLANG_WARN_INFINITE_RECURSION = YES;
				CLANG_WARN_INT_CONVERSION = YES;
				CLANG_WARN_NON_LITERAL_NULL_CONVERSION = YES;
				CLANG_WARN_OBJC_IMPLICIT_RETAIN_SELF = YES;
				CLANG_WARN_OBJC_LITERAL_CONVERSION = YES;
				CLANG_WARN_OBJC_ROOT_CLASS = YES_ERROR;
				CLANG_WARN_RANGE_LOOP_ANALYSIS = YES;
				CLANG_WARN_STRICT_PROTOTYPES = YES;
				CLANG_WARN_SUSPICIOUS_MOVE = YES;
				CLANG_WARN_UNGUARDED_AVAILABILITY = YES_AGGRESSIVE;
				CLANG_WARN_UNREACHABLE_CODE = YES;
				CLANG_WARN__DUPLICATE_METHOD_MATCH = YES;
				COPY_PHASE_STRIP = NO;
				DEBUG_INFORMATION_FORMAT = dwarf;
				ENABLE_STRICT_OBJC_MSGSEND = YES;
				ENABLE_TESTABILITY = YES;
				GCC_C_LANGUAGE_STANDARD = gnu11;
				GCC_DYNAMIC_NO_PIC = NO;
				GCC_NO_COMMON_BLOCKS = YES;
				GCC_OPTIMIZATION_LEVEL = 0;
				GCC_PREPROCESSOR_DEFINITIONS = (
					"DEBUG=1",
					"$(inherited)",
				);
				GCC_WARN_64_TO_32_BIT_CONVERSION = YES;
				GCC_WARN_ABOUT_RETURN_TYPE = YES_ERROR;
				GCC_WARN_UNDECLARED_SELECTOR = YES;
				GCC_WARN_UNINITIALIZED_AUTOS = YES_AGGRESSIVE;
				GCC_WARN_UNUSED_FUNCTION = YES;
				GCC_WARN_UNUSED_VARIABLE = YES;
				IPHONEOS_DEPLOYMENT_TARGET = 13.4;
				MTL_ENABLE_DEBUG_INFO = INCLUDE_SOURCE;
				MTL_FAST_MATH = YES;
				ONLY_ACTIVE_ARCH = YES;
				SDKROOT = iphoneos;
				SWIFT_ACTIVE_COMPILATION_CONDITIONS = DEBUG;
				SWIFT_OPTIMIZATION_LEVEL = "-Onone";
			};
			name = Debug;
		};
		4972BF612443DAA3009261B6 /* Release */ = {
			isa = XCBuildConfiguration;
			buildSettings = {
				ALWAYS_SEARCH_USER_PATHS = NO;
				CLANG_ANALYZER_NONNULL = YES;
				CLANG_ANALYZER_NUMBER_OBJECT_CONVERSION = YES_AGGRESSIVE;
				CLANG_CXX_LANGUAGE_STANDARD = "gnu++14";
				CLANG_CXX_LIBRARY = "libc++";
				CLANG_ENABLE_MODULES = YES;
				CLANG_ENABLE_OBJC_ARC = YES;
				CLANG_ENABLE_OBJC_WEAK = YES;
				CLANG_WARN_BLOCK_CAPTURE_AUTORELEASING = YES;
				CLANG_WARN_BOOL_CONVERSION = YES;
				CLANG_WARN_COMMA = YES;
				CLANG_WARN_CONSTANT_CONVERSION = YES;
				CLANG_WARN_DEPRECATED_OBJC_IMPLEMENTATIONS = YES;
				CLANG_WARN_DIRECT_OBJC_ISA_USAGE = YES_ERROR;
				CLANG_WARN_DOCUMENTATION_COMMENTS = YES;
				CLANG_WARN_EMPTY_BODY = YES;
				CLANG_WARN_ENUM_CONVERSION = YES;
				CLANG_WARN_INFINITE_RECURSION = YES;
				CLANG_WARN_INT_CONVERSION = YES;
				CLANG_WARN_NON_LITERAL_NULL_CONVERSION = YES;
				CLANG_WARN_OBJC_IMPLICIT_RETAIN_SELF = YES;
				CLANG_WARN_OBJC_LITERAL_CONVERSION = YES;
				CLANG_WARN_OBJC_ROOT_CLASS = YES_ERROR;
				CLANG_WARN_RANGE_LOOP_ANALYSIS = YES;
				CLANG_WARN_STRICT_PROTOTYPES = YES;
				CLANG_WARN_SUSPICIOUS_MOVE = YES;
				CLANG_WARN_UNGUARDED_AVAILABILITY = YES_AGGRESSIVE;
				CLANG_WARN_UNREACHABLE_CODE = YES;
				CLANG_WARN__DUPLICATE_METHOD_MATCH = YES;
				COPY_PHASE_STRIP = NO;
				DEBUG_INFORMATION_FORMAT = "dwarf-with-dsym";
				ENABLE_NS_ASSERTIONS = NO;
				ENABLE_STRICT_OBJC_MSGSEND = YES;
				GCC_C_LANGUAGE_STANDARD = gnu11;
				GCC_NO_COMMON_BLOCKS = YES;
				GCC_WARN_64_TO_32_BIT_CONVERSION = YES;
				GCC_WARN_ABOUT_RETURN_TYPE = YES_ERROR;
				GCC_WARN_UNDECLARED_SELECTOR = YES;
				GCC_WARN_UNINITIALIZED_AUTOS = YES_AGGRESSIVE;
				GCC_WARN_UNUSED_FUNCTION = YES;
				GCC_WARN_UNUSED_VARIABLE = YES;
				IPHONEOS_DEPLOYMENT_TARGET = 13.4;
				MTL_ENABLE_DEBUG_INFO = NO;
				MTL_FAST_MATH = YES;
				SDKROOT = iphoneos;
				SWIFT_COMPILATION_MODE = wholemodule;
				SWIFT_OPTIMIZATION_LEVEL = "-O";
				VALIDATE_PRODUCT = YES;
			};
			name = Release;
		};
		4972BF632443DAA3009261B6 /* Debug */ = {
			isa = XCBuildConfiguration;
			baseConfigurationReference = 00F1BCA91B11FF03AF458390 /* Pods-Strength Progress Tracker.debug.xcconfig */;
			buildSettings = {
				ASSETCATALOG_COMPILER_APPICON_NAME = AppIcon;
				CLANG_ENABLE_MODULES = YES;
				CODE_SIGN_ENTITLEMENTS = "Strength Progress Tracker/Strength Progress Tracker.entitlements";
				CODE_SIGN_STYLE = Automatic;
				DEVELOPMENT_TEAM = P2SH9TP2D3;
				INFOPLIST_FILE = "Strength Progress Tracker/Info.plist";
				IPHONEOS_DEPLOYMENT_TARGET = 13.3;
				LD_RUNPATH_SEARCH_PATHS = (
					"$(inherited)",
					"@executable_path/Frameworks",
				);
				MARKETING_VERSION = 1.5;
				PRODUCT_BUNDLE_IDENTIFIER = "mkeohane.Strength-Progress-Tracker";
				PRODUCT_NAME = "ORM: Strength Progress Tracker";
				SWIFT_OPTIMIZATION_LEVEL = "-Onone";
				SWIFT_VERSION = 5.0;
				TARGETED_DEVICE_FAMILY = 1;
			};
			name = Debug;
		};
		4972BF642443DAA3009261B6 /* Release */ = {
			isa = XCBuildConfiguration;
			baseConfigurationReference = A6ED0AC8191BB9815891556A /* Pods-Strength Progress Tracker.release.xcconfig */;
			buildSettings = {
				ASSETCATALOG_COMPILER_APPICON_NAME = AppIcon;
				CLANG_ENABLE_MODULES = YES;
				CODE_SIGN_ENTITLEMENTS = "Strength Progress Tracker/Strength Progress Tracker.entitlements";
				CODE_SIGN_STYLE = Automatic;
				DEVELOPMENT_TEAM = P2SH9TP2D3;
				INFOPLIST_FILE = "Strength Progress Tracker/Info.plist";
				IPHONEOS_DEPLOYMENT_TARGET = 13.3;
				LD_RUNPATH_SEARCH_PATHS = (
					"$(inherited)",
					"@executable_path/Frameworks",
				);
				MARKETING_VERSION = 1.5;
				PRODUCT_BUNDLE_IDENTIFIER = "mkeohane.Strength-Progress-Tracker";
				PRODUCT_NAME = "ORM: Strength Progress Tracker";
				SWIFT_VERSION = 5.0;
				TARGETED_DEVICE_FAMILY = 1;
			};
			name = Release;
		};
/* End XCBuildConfiguration section */

/* Begin XCConfigurationList section */
		4972BF492443DAA1009261B6 /* Build configuration list for PBXProject "Strength Progress Tracker" */ = {
			isa = XCConfigurationList;
			buildConfigurations = (
				4972BF602443DAA3009261B6 /* Debug */,
				4972BF612443DAA3009261B6 /* Release */,
			);
			defaultConfigurationIsVisible = 0;
			defaultConfigurationName = Release;
		};
		4972BF622443DAA3009261B6 /* Build configuration list for PBXNativeTarget "Strength Progress Tracker" */ = {
			isa = XCConfigurationList;
			buildConfigurations = (
				4972BF632443DAA3009261B6 /* Debug */,
				4972BF642443DAA3009261B6 /* Release */,
			);
			defaultConfigurationIsVisible = 0;
			defaultConfigurationName = Release;
		};
/* End XCConfigurationList section */
	};
	rootObject = 4972BF462443DAA1009261B6 /* Project object */;
}
